
Microsoft Visual Studio Solution File, Format Version 12.00
# Visual Studio Version 17
VisualStudioVersion = 17.8.34330.188
MinimumVisualStudioVersion = 10.0.40219.1
Project("{FAE04EC0-301F-11D3-BF4B-00C04F79EFBC}") = "CRUD", "CRUD\CRUD.csproj", "{B9B9EB15-FA92-44EA-8D16-2538BFB24BC3}"
EndProject
Global
	GlobalSection(SolutionConfigurationPlatforms) = preSolution
		Debug|Any CPU = Debug|Any CPU
		Release|Any CPU = Release|Any CPU
	EndGlobalSection
	GlobalSection(ProjectConfigurationPlatforms) = postSolution
		{B9B9EB15-FA92-44EA-8D16-2538BFB24BC3}.Debug|Any CPU.ActiveCfg = Debug|Any CPU
		{B9B9EB15-FA92-44EA-8D16-2538BFB24BC3}.Debug|Any CPU.Build.0 = Debug|Any CPU
		{B9B9EB15-FA92-44EA-8D16-2538BFB24BC3}.Release|Any CPU.ActiveCfg = Release|Any CPU
		{B9B9EB15-FA92-44EA-8D16-2538BFB24BC3}.Release|Any CPU.Build.0 = Release|Any CPU
	EndGlobalSection
	GlobalSection(SolutionProperties) = preSolution
		HideSolutionNode = FALSE
	EndGlobalSection
	GlobalSection(ExtensibilityGlobals) = postSolution
		SolutionGuid = {ECB2088B-8707-4130-ADAF-06B40CB71EE9}
	EndGlobalSection
EndGlobal
